{
    "hash": "44e9ec02cbf345d9348b390662181bd7",
    "packages": [
        {
            "package": "fwk/Events",
            "version": "dev-master",
            "source-reference": "acfae6635aabfe4ac9ab772e322a611029f4c9f5"
        }
    ],
    "packages-dev": null,
    "aliases": [

    ],
    "minimum-stability": "dev",
    "stability-flags": {
        "fwk/events": 20
    }
}
